# This file was autogenerated by Stack.
# You should not edit this file by hand.
# For more information, please see the documentation at:
#   https://docs.haskellstack.org/en/stable/lock_files

packages:
- completed:
    size: 1367107
    subdir: clash-ghc
    url: https://github.com/clash-lang/clash-compiler/archive/702fea65584f57e0ff6cd19f3e80af92a27ed6e7.tar.gz
    cabal-file:
      size: 8070
      sha256: 291db86adac5c29ee25891d887ac3882ec0fedeed6952ea8443e6cf8e582d6fc
    name: clash-ghc
    version: 1.3.0
    sha256: 3a06fb5e7bd01fb914cacf06df1da0fe48f14c14659a5d69c6a6e22923c080f6
    pantry-tree:
      size: 2842
      sha256: eb7c23d61684e9024862978577b22865b71b4e218b924138cf37ca5ee2a6fbe9
  original:
    subdir: clash-ghc
    url: https://github.com/clash-lang/clash-compiler/archive/702fea65584f57e0ff6cd19f3e80af92a27ed6e7.tar.gz
- completed:
    size: 1367107
    subdir: clash-prelude
    url: https://github.com/clash-lang/clash-compiler/archive/702fea65584f57e0ff6cd19f3e80af92a27ed6e7.tar.gz
    cabal-file:
      size: 15280
      sha256: c74e6cc479bcdd1de96a7a3083e48c6f89517b9366948eed463de9033f939a40
    name: clash-prelude
    version: 1.3.0
    sha256: 3a06fb5e7bd01fb914cacf06df1da0fe48f14c14659a5d69c6a6e22923c080f6
    pantry-tree:
      size: 12800
      sha256: 90ca5d17475f714f0c6ae6225b72000ad62ca8fcd36d555950aba5e98696a297
  original:
    subdir: clash-prelude
    url: https://github.com/clash-lang/clash-compiler/archive/702fea65584f57e0ff6cd19f3e80af92a27ed6e7.tar.gz
- completed:
    size: 1367107
    subdir: clash-lib
    url: https://github.com/clash-lang/clash-compiler/archive/702fea65584f57e0ff6cd19f3e80af92a27ed6e7.tar.gz
    cabal-file:
      size: 10901
      sha256: e9edd85b182dcdf8292ac7dca4f92ac854a350851dd69f2219e3f8ba86e9059e
    name: clash-lib
    version: 1.3.0
    sha256: 3a06fb5e7bd01fb914cacf06df1da0fe48f14c14659a5d69c6a6e22923c080f6
    pantry-tree:
      size: 16625
      sha256: 2dc178ed16ff78630dd23032a0dd81be133fae070b62620d7d80ea845bdbe04e
  original:
    subdir: clash-lib
    url: https://github.com/clash-lang/clash-compiler/archive/702fea65584f57e0ff6cd19f3e80af92a27ed6e7.tar.gz
- completed:
    hackage: concurrent-supply-0.1.8@sha256:9373f4868ad28936a7b93781b214ef4afdeacf377ef4ac729583073491c9f9fb,1627
    pantry-tree:
      size: 400
      sha256: bdfaa167ae3249f858ba248aea2e9b97ab9b13af6e68c73b7c3192e717e11b83
  original:
    hackage: concurrent-supply-0.1.8
- completed:
    hackage: shake-0.18.2@sha256:0d6a5df63fe1a5c0a6d75ee86e36306cce8306f790ac8c1f791d65757ff62101,14806
    pantry-tree:
      size: 11991
      sha256: c65170e2f7c3369dbd487a7ab7e1a3542dbc943f05eacca12950001e3414ebfb
  original:
    hackage: shake-0.18.2
- completed:
    hackage: barbies-2.0.0.0@sha256:673a2554477aafb79f6836e3f2c00cb2f1309d205985a5151ec818a5186b3a60,4233
    pantry-tree:
      size: 4126
      sha256: 4399f288b19035903567fbf0ffc41c65b8de81480832539d0590f24837ac1c04
  original:
    hackage: barbies-2.0.0.0
- completed:
    hackage: barbies-th-0.1@sha256:ae9497555658698690a0f238642af1715cd74a431e9c7f89cd54df83ee0ebe36,1046
    pantry-tree:
      size: 370
      sha256: 07a31dfd760e6648397f1c3f0a02fe436e08f04dc012acf5a03c64b78779ffea
  original:
    hackage: barbies-th-0.1
snapshots:
- completed:
    size: 491372
    url: https://raw.githubusercontent.com/commercialhaskell/stackage-snapshots/master/lts/15/2.yaml
    sha256: a98d091d911606d0d8adccbeb811b81bbd8cc2d888f99ef9e273350e8e9692a8
  original: lts-15.2
